{
  "name": "@belomonte/nostr-ngx",
  "version": "0.0.1",
  "lockfileVersion": 3,
  "requires": true,
  "packages": {
    "": {
      "name": "@belomonte/nostr-ngx",
      "version": "0.0.1",
      "dependencies": {
        "tslib": "^2.3.0"
      },
      "peerDependencies": {
        "@angular/common": "^17.3.0",
        "@angular/core": "^17.3.0",
        "nostr-relaypool": "^0.6.30",
        "nostr-tools": "^2.7.1"
      }
    },
    "node_modules/@angular/common": {
      "version": "17.3.9",
      "resolved": "https://registry.npmjs.org/@angular/common/-/common-17.3.9.tgz",
      "integrity": "sha512-tH1VfbAvNVaz6ZYa+q0DiKtbmUql1jK/3q/af74B8nVjKLHcXVWwxvBayqvrmlUt7FGANGkETIcCWrB44k47Ug==",
      "peer": true,
      "dependencies": {
        "tslib": "^2.3.0"
      },
      "engines": {
        "node": "^18.13.0 || >=20.9.0"
      },
      "peerDependencies": {
        "@angular/core": "17.3.9",
        "rxjs": "^6.5.3 || ^7.4.0"
      }
    },
    "node_modules/@angular/core": {
      "version": "17.3.9",
      "resolved": "https://registry.npmjs.org/@angular/core/-/core-17.3.9.tgz",
      "integrity": "sha512-x+h5BQ6islvYWGVLTz1CEgNq1/5IYngQ+Inq/tWayM6jN7RPOCydCCbCw+uOZS7MgFebkP0gYTVm14y1MRFKSQ==",
      "peer": true,
      "dependencies": {
        "tslib": "^2.3.0"
      },
      "engines": {
        "node": "^18.13.0 || >=20.9.0"
      },
      "peerDependencies": {
        "rxjs": "^6.5.3 || ^7.4.0",
        "zone.js": "~0.14.0"
      }
    },
    "node_modules/@noble/ciphers": {
      "version": "0.5.3",
      "resolved": "https://registry.npmjs.org/@noble/ciphers/-/ciphers-0.5.3.tgz",
      "integrity": "sha512-B0+6IIHiqEs3BPMT0hcRmHvEj2QHOLu+uwt+tqDDeVd0oyVzh7BPrDcPjRnV1PV/5LaknXJJQvOuRGR0zQJz+w==",
      "peer": true,
      "funding": {
        "url": "https://paulmillr.com/funding/"
      }
    },
    "node_modules/@noble/curves": {
      "version": "1.2.0",
      "resolved": "https://registry.npmjs.org/@noble/curves/-/curves-1.2.0.tgz",
      "integrity": "sha512-oYclrNgRaM9SsBUBVbb8M6DTV7ZHRTKugureoYEncY5c65HOmRzvSiTE3y5CYaPYJA/GVkrhXEoF0M3Ya9PMnw==",
      "peer": true,
      "dependencies": {
        "@noble/hashes": "1.3.2"
      },
      "funding": {
        "url": "https://paulmillr.com/funding/"
      }
    },
    "node_modules/@noble/curves/node_modules/@noble/hashes": {
      "version": "1.3.2",
      "resolved": "https://registry.npmjs.org/@noble/hashes/-/hashes-1.3.2.tgz",
      "integrity": "sha512-MVC8EAQp7MvEcm30KWENFjgR+Mkmf+D189XJTkFIlwohU5hcBbn1ZkKq7KVTi2Hme3PMGF390DaL52beVrIihQ==",
      "peer": true,
      "engines": {
        "node": ">= 16"
      },
      "funding": {
        "url": "https://paulmillr.com/funding/"
      }
    },
    "node_modules/@noble/hashes": {
      "version": "1.3.1",
      "resolved": "https://registry.npmjs.org/@noble/hashes/-/hashes-1.3.1.tgz",
      "integrity": "sha512-EbqwksQwz9xDRGfDST86whPBgM65E0OH/pCgqW0GBVzO22bNE+NuIbeTb714+IfSjU3aRk47EUvXIb5bTsenKA==",
      "peer": true,
      "engines": {
        "node": ">= 16"
      },
      "funding": {
        "url": "https://paulmillr.com/funding/"
      }
    },
    "node_modules/@scure/base": {
      "version": "1.1.1",
      "resolved": "https://registry.npmjs.org/@scure/base/-/base-1.1.1.tgz",
      "integrity": "sha512-ZxOhsSyxYwLJj3pLZCefNitxsj093tb2vq90mp2txoYeBqbcjDjqFhyM8eUjq/uFm6zJ+mUuqxlS2FkuSY1MTA==",
      "funding": [
        {
          "type": "individual",
          "url": "https://paulmillr.com/funding/"
        }
      ],
      "peer": true
    },
    "node_modules/@scure/bip32": {
      "version": "1.3.1",
      "resolved": "https://registry.npmjs.org/@scure/bip32/-/bip32-1.3.1.tgz",
      "integrity": "sha512-osvveYtyzdEVbt3OfwwXFr4P2iVBL5u1Q3q4ONBfDY/UpOuXmOlbgwc1xECEboY8wIays8Yt6onaWMUdUbfl0A==",
      "peer": true,
      "dependencies": {
        "@noble/curves": "~1.1.0",
        "@noble/hashes": "~1.3.1",
        "@scure/base": "~1.1.0"
      },
      "funding": {
        "url": "https://paulmillr.com/funding/"
      }
    },
    "node_modules/@scure/bip32/node_modules/@noble/curves": {
      "version": "1.1.0",
      "resolved": "https://registry.npmjs.org/@noble/curves/-/curves-1.1.0.tgz",
      "integrity": "sha512-091oBExgENk/kGj3AZmtBDMpxQPDtxQABR2B9lb1JbVTs6ytdzZNwvhxQ4MWasRNEzlbEH8jCWFCwhF/Obj5AA==",
      "peer": true,
      "dependencies": {
        "@noble/hashes": "1.3.1"
      },
      "funding": {
        "url": "https://paulmillr.com/funding/"
      }
    },
    "node_modules/@scure/bip39": {
      "version": "1.2.1",
      "resolved": "https://registry.npmjs.org/@scure/bip39/-/bip39-1.2.1.tgz",
      "integrity": "sha512-Z3/Fsz1yr904dduJD0NpiyRHhRYHdcnyh73FZWiV+/qhWi83wNJ3NWolYqCEN+ZWsUz2TWwajJggcRE9r1zUYg==",
      "peer": true,
      "dependencies": {
        "@noble/hashes": "~1.3.0",
        "@scure/base": "~1.1.0"
      },
      "funding": {
        "url": "https://paulmillr.com/funding/"
      }
    },
    "node_modules/isomorphic-ws": {
      "version": "5.0.0",
      "resolved": "https://registry.npmjs.org/isomorphic-ws/-/isomorphic-ws-5.0.0.tgz",
      "integrity": "sha512-muId7Zzn9ywDsyXgTIafTry2sV3nySZeUDe6YedVd1Hvuuep5AsIlqK+XefWpYTyJG5e503F2xIuT2lcU6rCSw==",
      "peer": true,
      "peerDependencies": {
        "ws": "*"
      }
    },
    "node_modules/nostr-relaypool": {
      "version": "0.6.30",
      "resolved": "https://registry.npmjs.org/nostr-relaypool/-/nostr-relaypool-0.6.30.tgz",
      "integrity": "sha512-DXW0dQIO6+lmxAFQ1EM4Mmb7ucxiFE5mthz+kWlbJgEpSUmk4dhaTzPEWdEDkpOULaJ230gM15aT/c9SahkUTA==",
      "peer": true,
      "dependencies": {
        "isomorphic-ws": "^5.0.0",
        "nostr-tools": "^1.17.0",
        "safe-stable-stringify": "^2.4.2"
      }
    },
    "node_modules/nostr-relaypool/node_modules/@noble/ciphers": {
      "version": "0.2.0",
      "resolved": "https://registry.npmjs.org/@noble/ciphers/-/ciphers-0.2.0.tgz",
      "integrity": "sha512-6YBxJDAapHSdd3bLDv6x2wRPwq4QFMUaB3HvljNBUTThDd12eSm7/3F+2lnfzx2jvM+S6Nsy0jEt9QbPqSwqRw==",
      "peer": true,
      "funding": {
        "url": "https://paulmillr.com/funding/"
      }
    },
    "node_modules/nostr-relaypool/node_modules/@noble/curves": {
      "version": "1.1.0",
      "resolved": "https://registry.npmjs.org/@noble/curves/-/curves-1.1.0.tgz",
      "integrity": "sha512-091oBExgENk/kGj3AZmtBDMpxQPDtxQABR2B9lb1JbVTs6ytdzZNwvhxQ4MWasRNEzlbEH8jCWFCwhF/Obj5AA==",
      "peer": true,
      "dependencies": {
        "@noble/hashes": "1.3.1"
      },
      "funding": {
        "url": "https://paulmillr.com/funding/"
      }
    },
    "node_modules/nostr-relaypool/node_modules/nostr-tools": {
      "version": "1.17.0",
      "resolved": "https://registry.npmjs.org/nostr-tools/-/nostr-tools-1.17.0.tgz",
      "integrity": "sha512-LZmR8GEWKZeElbFV5Xte75dOeE9EFUW/QLI1Ncn3JKn0kFddDKEfBbFN8Mu4TMs+L4HR/WTPha2l+PPuRnJcMw==",
      "peer": true,
      "dependencies": {
        "@noble/ciphers": "0.2.0",
        "@noble/curves": "1.1.0",
        "@noble/hashes": "1.3.1",
        "@scure/base": "1.1.1",
        "@scure/bip32": "1.3.1",
        "@scure/bip39": "1.2.1"
      },
      "peerDependencies": {
        "typescript": ">=5.0.0"
      },
      "peerDependenciesMeta": {
        "typescript": {
          "optional": true
        }
      }
    },
    "node_modules/nostr-tools": {
      "version": "2.7.1",
      "resolved": "https://registry.npmjs.org/nostr-tools/-/nostr-tools-2.7.1.tgz",
      "integrity": "sha512-4qAvlHSqBAA8lQMwRWE6dalSNdQT77Xut9lPiJZgEcb9RAlR69wR2+KVBAgnZVaabVYH7FJ7gOQXLw/jQBAYBg==",
      "peer": true,
      "dependencies": {
        "@noble/ciphers": "^0.5.1",
        "@noble/curves": "1.2.0",
        "@noble/hashes": "1.3.1",
        "@scure/base": "1.1.1",
        "@scure/bip32": "1.3.1",
        "@scure/bip39": "1.2.1"
      },
      "optionalDependencies": {
        "nostr-wasm": "v0.1.0"
      },
      "peerDependencies": {
        "typescript": ">=5.0.0"
      },
      "peerDependenciesMeta": {
        "typescript": {
          "optional": true
        }
      }
    },
    "node_modules/nostr-wasm": {
      "version": "0.1.0",
      "resolved": "https://registry.npmjs.org/nostr-wasm/-/nostr-wasm-0.1.0.tgz",
      "integrity": "sha512-78BTryCLcLYv96ONU8Ws3Q1JzjlAt+43pWQhIl86xZmWeegYCNLPml7yQ+gG3vR6V5h4XGj+TxO+SS5dsThQIA==",
      "optional": true,
      "peer": true
    },
    "node_modules/rxjs": {
      "version": "7.8.1",
      "resolved": "https://registry.npmjs.org/rxjs/-/rxjs-7.8.1.tgz",
      "integrity": "sha512-AA3TVj+0A2iuIoQkWEK/tqFjBq2j+6PO6Y0zJcvzLAFhEFIO3HL0vls9hWLncZbAAbK0mar7oZ4V079I/qPMxg==",
      "peer": true,
      "dependencies": {
        "tslib": "^2.1.0"
      }
    },
    "node_modules/safe-stable-stringify": {
      "version": "2.4.3",
      "resolved": "https://registry.npmjs.org/safe-stable-stringify/-/safe-stable-stringify-2.4.3.tgz",
      "integrity": "sha512-e2bDA2WJT0wxseVd4lsDP4+3ONX6HpMXQa1ZhFQ7SU+GjvORCmShbCMltrtIDfkYhVHrOcPtj+KhmDBdPdZD1g==",
      "peer": true,
      "engines": {
        "node": ">=10"
      }
    },
    "node_modules/tslib": {
      "version": "2.6.2",
      "resolved": "https://registry.npmjs.org/tslib/-/tslib-2.6.2.tgz",
      "integrity": "sha512-AEYxH93jGFPn/a2iVAwW87VuUIkR1FVUKB77NwMF7nBTDkDrrT/Hpt/IrCJ0QXhW27jTBDcf5ZY7w6RiqTMw2Q=="
    },
    "node_modules/ws": {
      "version": "8.17.1",
      "resolved": "https://registry.npmjs.org/ws/-/ws-8.17.1.tgz",
      "integrity": "sha512-6XQFvXTkbfUOZOKKILFG1PDK2NDQs4azKQl26T0YS5CxqWLgXajbPZ+h4gZekJyRqFU8pvnbAbbs/3TgRPy+GQ==",
      "peer": true,
      "engines": {
        "node": ">=10.0.0"
      },
      "peerDependencies": {
        "bufferutil": "^4.0.1",
        "utf-8-validate": ">=5.0.2"
      },
      "peerDependenciesMeta": {
        "bufferutil": {
          "optional": true
        },
        "utf-8-validate": {
          "optional": true
        }
      }
    },
    "node_modules/zone.js": {
      "version": "0.14.5",
      "resolved": "https://registry.npmjs.org/zone.js/-/zone.js-0.14.5.tgz",
      "integrity": "sha512-9XYWZzY6PhHOSdkYryNcMm7L8EK7a4q+GbTvxbIA2a9lMdRUpGuyaYvLDcg8D6bdn+JomSsbPcilVKg6SmUx6w==",
      "peer": true,
      "dependencies": {
        "tslib": "^2.3.0"
      }
    }
  }
}
